
Microsoft Visual Studio Solution File, Format Version 12.00
# Visual Studio Version 17
VisualStudioVersion = 17.11.35312.102
MinimumVisualStudioVersion = 10.0.40219.1
Project("{9A19103F-16F7-4668-BE54-9A1E7A4F7556}") = "PsiMenu", "PsiMenu.csproj", "{60C49799-0746-4959-A527-B67DCCBCBDB2}"
EndProject
Global
	GlobalSection(SolutionConfigurationPlatforms) = preSolution
		Debug|Any CPU = Debug|Any CPU
		Release|Any CPU = Release|Any CPU
	EndGlobalSection
	GlobalSection(ProjectConfigurationPlatforms) = postSolution
		{60C49799-0746-4959-A527-B67DCCBCBDB2}.Debug|Any CPU.ActiveCfg = Debug|Any CPU
		{60C49799-0746-4959-A527-B67DCCBCBDB2}.Debug|Any CPU.Build.0 = Debug|Any CPU
		{60C49799-0746-4959-A527-B67DCCBCBDB2}.Release|Any CPU.ActiveCfg = Release|Any CPU
		{60C49799-0746-4959-A527-B67DCCBCBDB2}.Release|Any CPU.Build.0 = Release|Any CPU
	EndGlobalSection
	GlobalSection(SolutionProperties) = preSolution
		HideSolutionNode = FALSE
	EndGlobalSection
	GlobalSection(ExtensibilityGlobals) = postSolution
		SolutionGuid = {67358A47-16F1-40BE-AFFB-D943B41629E8}
	EndGlobalSection
EndGlobal
